Microsoft Visual Studio Solution File, Format Version 12.00
# Visual Studio Version 17
VisualStudioVersion = 17.5.2.0
MinimumVisualStudioVersion = 10.0.40219.1
Project("{FAE04EC0-301F-11D3-BF4B-00C04F79EFBC}") = "NetFramework30ASPNETWEB", "NetFramework30ASPNETWEB.csproj", "{06D1663C-52A9-508C-C6D7-F96B286F76EC}"
EndProject
Global
	GlobalSection(SolutionConfigurationPlatforms) = preSolution
		Debug|Any CPU = Debug|Any CPU
		Release|Any CPU = Release|Any CPU
	EndGlobalSection
	GlobalSection(ProjectConfigurationPlatforms) = postSolution
		{06D1663C-52A9-508C-C6D7-F96B286F76EC}.Debug|Any CPU.ActiveCfg = Debug|Any CPU
		{06D1663C-52A9-508C-C6D7-F96B286F76EC}.Debug|Any CPU.Build.0 = Debug|Any CPU
		{06D1663C-52A9-508C-C6D7-F96B286F76EC}.Release|Any CPU.ActiveCfg = Release|Any CPU
		{06D1663C-52A9-508C-C6D7-F96B286F76EC}.Release|Any CPU.Build.0 = Release|Any CPU
	EndGlobalSection
	GlobalSection(SolutionProperties) = preSolution
		HideSolutionNode = FALSE
	EndGlobalSection
	GlobalSection(ExtensibilityGlobals) = postSolution
		SolutionGuid = {EDEC5742-55CC-4186-84E7-A4D9F54783E5}
	EndGlobalSection
EndGlobal
